
Microsoft Visual Studio Solution File, Format Version 12.00
# Visual Studio Version 17
VisualStudioVersion = 17.6.33829.357
MinimumVisualStudioVersion = 10.0.40219.1
Project("{FAE04EC0-301F-11D3-BF4B-00C04F79EFBC}") = "Project_TheTrailblazers", "Project_TheTrailblazers\Project_TheTrailblazers.csproj", "{EF64F3E2-64F7-4219-9FFB-8B32C1B7FCEE}"
EndProject
Global
	GlobalSection(SolutionConfigurationPlatforms) = preSolution
		Debug|Any CPU = Debug|Any CPU
		Release|Any CPU = Release|Any CPU
	EndGlobalSection
	GlobalSection(ProjectConfigurationPlatforms) = postSolution
		{EF64F3E2-64F7-4219-9FFB-8B32C1B7FCEE}.Debug|Any CPU.ActiveCfg = Debug|Any CPU
		{EF64F3E2-64F7-4219-9FFB-8B32C1B7FCEE}.Debug|Any CPU.Build.0 = Debug|Any CPU
		{EF64F3E2-64F7-4219-9FFB-8B32C1B7FCEE}.Release|Any CPU.ActiveCfg = Release|Any CPU
		{EF64F3E2-64F7-4219-9FFB-8B32C1B7FCEE}.Release|Any CPU.Build.0 = Release|Any CPU
	EndGlobalSection
	GlobalSection(SolutionProperties) = preSolution
		HideSolutionNode = FALSE
	EndGlobalSection
	GlobalSection(ExtensibilityGlobals) = postSolution
		SolutionGuid = {2423741D-1750-4583-BFBE-FB823DE7140A}
	EndGlobalSection
EndGlobal
